{
  "nodes": {
    "flake-utils": {
      "inputs": {
        "systems": "systems"
      },
      "locked": {
        "lastModified": 0,
        "narHash": "sha256-l0KFg5HjrsfsO/JpG+r7fRrqm12kzFHyUHqHCVpMMbI=",
        "path": "/nix/store/01x5k4nlxcpyd85nnr0b9gm89rm8ff4x-source",
        "type": "path"
      },
      "original": {
        "path": "/nix/store/01x5k4nlxcpyd85nnr0b9gm89rm8ff4x-source",
        "type": "path"
      }
    },
    "nixpkgs": {
      "locked": {
        "lastModified": 1,
        "narHash": "sha256-NpBMT0n9zz8zUoopg54k8+puRHq3Y5uYz9O5z9DoO/w=",
        "path": "/nix/store/rq25a6xjh70jb85pjk7wr0gzjpi4wqxj-nixpkgs/nixpkgs",
        "type": "path"
      },
      "original": {
        "path": "/nix/store/rq25a6xjh70jb85pjk7wr0gzjpi4wqxj-nixpkgs/nixpkgs",
        "type": "path"
      }
    },
    "root": {
      "inputs": {
        "flake-utils": "flake-utils",
        "nixpkgs": "nixpkgs"
      }
    },
    "systems": {
      "locked": {
        "lastModified": 1681028828,
        "narHash": "sha256-Vy1rq5AaRuLzOxct8nz4T6wlgyUR7zLU309k9mBC768=",
        "owner": "nix-systems",
        "repo": "default",
        "rev": "da67096a3b9bf56a91d16901293e51ba5b49a27e",
        "type": "github"
      },
      "original": {
        "owner": "nix-systems",
        "repo": "default",
        "type": "github"
      }
    }
  },
  "root": "root",
  "version": 7
}
